// !$*UTF8*$!
{
	archiveVersion = 1;
	classes = {
	};
	objectVersion = 56;
	objects = {

/* Begin PBXBuildFile section */
		5445F0EB2912ABA20032FDCA /* CookAndTasteApp.swift in Sources */ = {isa = PBXBuildFile; fileRef = 5445F0EA2912ABA20032FDCA /* CookAndTasteApp.swift */; };
		5445F0ED2912ABA20032FDCA /* ContentView.swift in Sources */ = {isa = PBXBuildFile; fileRef = 5445F0EC2912ABA20032FDCA /* ContentView.swift */; };
		5445F0EF2912ABA30032FDCA /* Assets.xcassets in Resources */ = {isa = PBXBuildFile; fileRef = 5445F0EE2912ABA30032FDCA /* Assets.xcassets */; };
		5445F0F22912ABA30032FDCA /* Preview Assets.xcassets in Resources */ = {isa = PBXBuildFile; fileRef = 5445F0F12912ABA30032FDCA /* Preview Assets.xcassets */; };
		5445F0FC2912ABA30032FDCA /* CookAndTasteTests.swift in Sources */ = {isa = PBXBuildFile; fileRef = 5445F0FB2912ABA30032FDCA /* CookAndTasteTests.swift */; };
		5445F1062912ABA30032FDCA /* CookAndTasteUITests.swift in Sources */ = {isa = PBXBuildFile; fileRef = 5445F1052912ABA30032FDCA /* CookAndTasteUITests.swift */; };
		5445F1082912ABA30032FDCA /* CookAndTasteUITestsLaunchTests.swift in Sources */ = {isa = PBXBuildFile; fileRef = 5445F1072912ABA30032FDCA /* CookAndTasteUITestsLaunchTests.swift */; };
/* End PBXBuildFile section */

/* Begin PBXContainerItemProxy section */
		5445F0F82912ABA30032FDCA /* PBXContainerItemProxy */ = {
			isa = PBXContainerItemProxy;
			containerPortal = 5445F0DF2912ABA20032FDCA /* Project object */;
			proxyType = 1;
			remoteGlobalIDString = 5445F0E62912ABA20032FDCA;
			remoteInfo = CookAndTaste;
		};
		5445F1022912ABA30032FDCA /* PBXContainerItemProxy */ = {
			isa = PBXContainerItemProxy;
			containerPortal = 5445F0DF2912ABA20032FDCA /* Project object */;
			proxyType = 1;
			remoteGlobalIDString = 5445F0E62912ABA20032FDCA;
			remoteInfo = CookAndTaste;
		};
/* End PBXContainerItemProxy section */

/* Begin PBXFileReference section */
		5445F0E72912ABA20032FDCA /* CookAndTaste.app */ = {isa = PBXFileReference; explicitFileType = wrapper.application; includeInIndex = 0; path = CookAndTaste.app; sourceTree = BUILT_PRODUCTS_DIR; };
		5445F0EA2912ABA20032FDCA /* CookAndTasteApp.swift */ = {isa = PBXFileReference; lastKnownFileType = sourcecode.swift; path = CookAndTasteApp.swift; sourceTree = "<group>"; };
		5445F0EC2912ABA20032FDCA /* ContentView.swift */ = {isa = PBXFileReference; lastKnownFileType = sourcecode.swift; path = ContentView.swift; sourceTree = "<group>"; };
		5445F0EE2912ABA30032FDCA /* Assets.xcassets */ = {isa = PBXFileReference; lastKnownFileType = folder.assetcatalog; path = Assets.xcassets; sourceTree = "<group>"; };
		5445F0F12912ABA30032FDCA /* Preview Assets.xcassets */ = {isa = PBXFileReference; lastKnownFileType = folder.assetcatalog; path = "Preview Assets.xcassets"; sourceTree = "<group>"; };
		5445F0F72912ABA30032FDCA /* CookAndTasteTests.xctest */ = {isa = PBXFileReference; explicitFileType = wrapper.cfbundle; includeInIndex = 0; path = CookAndTasteTests.xctest; sourceTree = BUILT_PRODUCTS_DIR; };
		5445F0FB2912ABA30032FDCA /* CookAndTasteTests.swift */ = {isa = PBXFileReference; lastKnownFileType = sourcecode.swift; path = CookAndTasteTests.swift; sourceTree = "<group>"; };
		5445F1012912ABA30032FDCA /* CookAndTasteUITests.xctest */ = {isa = PBXFileReference; explicitFileType = wrapper.cfbundle; includeInIndex = 0; path = CookAndTasteUITests.xctest; sourceTree = BUILT_PRODUCTS_DIR; };
		5445F1052912ABA30032FDCA /* CookAndTasteUITests.swift */ = {isa = PBXFileReference; lastKnownFileType = sourcecode.swift; path = CookAndTasteUITests.swift; sourceTree = "<group>"; };
		5445F1072912ABA30032FDCA /* CookAndTasteUITestsLaunchTests.swift */ = {isa = PBXFileReference; lastKnownFileType = sourcecode.swift; path = CookAndTasteUITestsLaunchTests.swift; sourceTree = "<group>"; };
/* End PBXFileReference section */

/* Begin PBXFrameworksBuildPhase section */
		5445F0E42912ABA20032FDCA /* Frameworks */ = {
			isa = PBXFrameworksBuildPhase;
			buildActionMask = 2147483647;
			files = (
			);
			runOnlyForDeploymentPostprocessing = 0;
		};
		5445F0F42912ABA30032FDCA /* Frameworks */ = {
			isa = PBXFrameworksBuildPhase;
			buildActionMask = 2147483647;
			files = (
			);
			runOnlyForDeploymentPostprocessing = 0;
		};
		5445F0FE2912ABA30032FDCA /* Frameworks */ = {
			isa = PBXFrameworksBuildPhase;
			buildActionMask = 2147483647;
			files = (
			);
			runOnlyForDeploymentPostprocessing = 0;
		};
/* End PBXFrameworksBuildPhase section */

/* Begin PBXGroup section */
		5445F0DE2912ABA20032FDCA = {
			isa = PBXGroup;
			children = (
				5445F0E92912ABA20032FDCA /* CookAndTaste */,
				5445F0FA2912ABA30032FDCA /* CookAndTasteTests */,
				5445F1042912ABA30032FDCA /* CookAndTasteUITests */,
				5445F0E82912ABA20032FDCA /* Products */,
			);
			sourceTree = "<group>";
		};
		5445F0E82912ABA20032FDCA /* Products */ = {
			isa = PBXGroup;
			children = (
				5445F0E72912ABA20032FDCA /* CookAndTaste.app */,
				5445F0F72912ABA30032FDCA /* CookAndTasteTests.xctest */,
				5445F1012912ABA30032FDCA /* CookAndTasteUITests.xctest */,
			);
			name = Products;
			sourceTree = "<group>";
		};
		5445F0E92912ABA20032FDCA /* CookAndTaste */ = {
			isa = PBXGroup;
			children = (
				5445F0EA2912ABA20032FDCA /* CookAndTasteApp.swift */,
				5445F0EC2912ABA20032FDCA /* ContentView.swift */,
				5445F0EE2912ABA30032FDCA /* Assets.xcassets */,
				5445F0F02912ABA30032FDCA /* Preview Content */,
			);
			path = CookAndTaste;
			sourceTree = "<group>";
		};
		5445F0F02912ABA30032FDCA /* Preview Content */ = {
			isa = PBXGroup;
			children = (
				5445F0F12912ABA30032FDCA /* Preview Assets.xcassets */,
			);
			path = "Preview Content";
			sourceTree = "<group>";
		};
		5445F0FA2912ABA30032FDCA /* CookAndTasteTests */ = {
			isa = PBXGroup;
			children = (
				5445F0FB2912ABA30032FDCA /* CookAndTasteTests.swift */,
			);
			path = CookAndTasteTests;
			sourceTree = "<group>";
		};
		5445F1042912ABA30032FDCA /* CookAndTasteUITests */ = {
			isa = PBXGroup;
			children = (
				5445F1052912ABA30032FDCA /* CookAndTasteUITests.swift */,
				5445F1072912ABA30032FDCA /* CookAndTasteUITestsLaunchTests.swift */,
			);
			path = CookAndTasteUITests;
			sourceTree = "<group>";
		};
/* End PBXGroup section */

/* Begin PBXNativeTarget section */
		5445F0E62912ABA20032FDCA /* CookAndTaste */ = {
			isa = PBXNativeTarget;
			buildConfigurationList = 5445F10B2912ABA30032FDCA /* Build configuration list for PBXNativeTarget "CookAndTaste" */;
			buildPhases = (
				5445F0E32912ABA20032FDCA /* Sources */,
				5445F0E42912ABA20032FDCA /* Frameworks */,
				5445F0E52912ABA20032FDCA /* Resources */,
			);
			buildRules = (
			);
			dependencies = (
			);
			name = CookAndTaste;
			productName = CookAndTaste;
			productReference = 5445F0E72912ABA20032FDCA /* CookAndTaste.app */;
			productType = "com.apple.product-type.application";
		};
		5445F0F62912ABA30032FDCA /* CookAndTasteTests */ = {
			isa = PBXNativeTarget;
			buildConfigurationList = 5445F10E2912ABA30032FDCA /* Build configuration list for PBXNativeTarget "CookAndTasteTests" */;
			buildPhases = (
				5445F0F32912ABA30032FDCA /* Sources */,
				5445F0F42912ABA30032FDCA /* Frameworks */,
				5445F0F52912ABA30032FDCA /* Resources */,
			);
			buildRules = (
			);
			dependencies = (
				5445F0F92912ABA30032FDCA /* PBXTargetDependency */,
			);
			name = CookAndTasteTests;
			productName = CookAndTasteTests;
			productReference = 5445F0F72912ABA30032FDCA /* CookAndTasteTests.xctest */;
			productType = "com.apple.product-type.bundle.unit-test";
		};
		5445F1002912ABA30032FDCA /* CookAndTasteUITests */ = {
			isa = PBXNativeTarget;
			buildConfigurationList = 5445F1112912ABA30032FDCA /* Build configuration list for PBXNativeTarget "CookAndTasteUITests" */;
			buildPhases = (
				5445F0FD2912ABA30032FDCA /* Sources */,
				5445F0FE2912ABA30032FDCA /* Frameworks */,
				5445F0FF2912ABA30032FDCA /* Resources */,
			);
			buildRules = (
			);
			dependencies = (
				5445F1032912ABA30032FDCA /* PBXTargetDependency */,
			);
			name = CookAndTasteUITests;
			productName = CookAndTasteUITests;
			productReference = 5445F1012912ABA30032FDCA /* CookAndTasteUITests.xctest */;
			productType = "com.apple.product-type.bundle.ui-testing";
		};
/* End PBXNativeTarget section */

/* Begin PBXProject section */
		5445F0DF2912ABA20032FDCA /* Project object */ = {
			isa = PBXProject;
			attributes = {
				BuildIndependentTargetsInParallel = 1;
				LastSwiftUpdateCheck = 1400;
				LastUpgradeCheck = 1400;
				TargetAttributes = {
					5445F0E62912ABA20032FDCA = {
						CreatedOnToolsVersion = 14.0.1;
					};
					5445F0F62912ABA30032FDCA = {
						CreatedOnToolsVersion = 14.0.1;
						TestTargetID = 5445F0E62912ABA20032FDCA;
					};
					5445F1002912ABA30032FDCA = {
						CreatedOnToolsVersion = 14.0.1;
						TestTargetID = 5445F0E62912ABA20032FDCA;
					};
				};
			};
			buildConfigurationList = 5445F0E22912ABA20032FDCA /* Build configuration list for PBXProject "CookAndTaste" */;
			compatibilityVersion = "Xcode 14.0";
			developmentRegion = en;
			hasScannedForEncodings = 0;
			knownRegions = (
				en,
				Base,
			);
			mainGroup = 5445F0DE2912ABA20032FDCA;
			productRefGroup = 5445F0E82912ABA20032FDCA /* Products */;
			projectDirPath = "";
			projectRoot = "";
			targets = (
				5445F0E62912ABA20032FDCA /* CookAndTaste */,
				5445F0F62912ABA30032FDCA /* CookAndTasteTests */,
				5445F1002912ABA30032FDCA /* CookAndTasteUITests */,
			);
		};
/* End PBXProject section */

/* Begin PBXResourcesBuildPhase section */
		5445F0E52912ABA20032FDCA /* Resources */ = {
			isa = PBXResourcesBuildPhase;
			buildActionMask = 2147483647;
			files = (
				5445F0F22912ABA30032FDCA /* Preview Assets.xcassets in Resources */,
				5445F0EF2912ABA30032FDCA /* Assets.xcassets in Resources */,
			);
			runOnlyForDeploymentPostprocessing = 0;
		};
		5445F0F52912ABA30032FDCA /* Resources */ = {
			isa = PBXResourcesBuildPhase;
			buildActionMask = 2147483647;
			files = (
			);
			runOnlyForDeploymentPostprocessing = 0;
		};
		5445F0FF2912ABA30032FDCA /* Resources */ = {
			isa = PBXResourcesBuildPhase;
			buildActionMask = 2147483647;
			files = (
			);
			runOnlyForDeploymentPostprocessing = 0;
		};
/* End PBXResourcesBuildPhase section */

/* Begin PBXSourcesBuildPhase section */
		5445F0E32912ABA20032FDCA /* Sources */ = {
			isa = PBXSourcesBuildPhase;
			buildActionMask = 2147483647;
			files = (
				5445F0ED2912ABA20032FDCA /* ContentView.swift in Sources */,
				5445F0EB2912ABA20032FDCA /* CookAndTasteApp.swift in Sources */,
			);
			runOnlyForDeploymentPostprocessing = 0;
		};
		5445F0F32912ABA30032FDCA /* Sources */ = {
			isa = PBXSourcesBuildPhase;
			buildActionMask = 2147483647;
			files = (
				5445F0FC2912ABA30032FDCA /* CookAndTasteTests.swift in Sources */,
			);
			runOnlyForDeploymentPostprocessing = 0;
		};
		5445F0FD2912ABA30032FDCA /* Sources */ = {
			isa = PBXSourcesBuildPhase;
			buildActionMask = 2147483647;
			files = (
				5445F1082912ABA30032FDCA /* CookAndTasteUITestsLaunchTests.swift in Sources */,
				5445F1062912ABA30032FDCA /* CookAndTasteUITests.swift in Sources */,
			);
			runOnlyForDeploymentPostprocessing = 0;
		};
/* End PBXSourcesBuildPhase section */

/* Begin PBXTargetDependency section */
		5445F0F92912ABA30032FDCA /* PBXTargetDependency */ = {
			isa = PBXTargetDependency;
			target = 5445F0E62912ABA20032FDCA /* CookAndTaste */;
			targetProxy = 5445F0F82912ABA30032FDCA /* PBXContainerItemProxy */;
		};
		5445F1032912ABA30032FDCA /* PBXTargetDependency */ = {
			isa = PBXTargetDependency;
			target = 5445F0E62912ABA20032FDCA /* CookAndTaste */;
			targetProxy = 5445F1022912ABA30032FDCA /* PBXContainerItemProxy */;
		};
/* End PBXTargetDependency section */

/* Begin XCBuildConfiguration section */
		5445F1092912ABA30032FDCA /* Debug */ = {
			isa = XCBuildConfiguration;
			buildSettings = {
				ALWAYS_SEARCH_USER_PATHS = NO;
				CLANG_ANALYZER_NONNULL = YES;
				CLANG_ANALYZER_NUMBER_OBJECT_CONVERSION = YES_AGGRESSIVE;
				CLANG_CXX_LANGUAGE_STANDARD = "gnu++20";
				CLANG_ENABLE_MODULES = YES;
				CLANG_ENABLE_OBJC_ARC = YES;
				CLANG_ENABLE_OBJC_WEAK = YES;
				CLANG_WARN_BLOCK_CAPTURE_AUTORELEASING = YES;
				CLANG_WARN_BOOL_CONVERSION = YES;
				CLANG_WARN_COMMA = YES;
				CLANG_WARN_CONSTANT_CONVERSION = YES;
				CLANG_WARN_DEPRECATED_OBJC_IMPLEMENTATIONS = YES;
				CLANG_WARN_DIRECT_OBJC_ISA_USAGE = YES_ERROR;
				CLANG_WARN_DOCUMENTATION_COMMENTS = YES;
				CLANG_WARN_EMPTY_BODY = YES;
				CLANG_WARN_ENUM_CONVERSION = YES;
				CLANG_WARN_INFINITE_RECURSION = YES;
				CLANG_WARN_INT_CONVERSION = YES;
				CLANG_WARN_NON_LITERAL_NULL_CONVERSION = YES;
				CLANG_WARN_OBJC_IMPLICIT_RETAIN_SELF = YES;
				CLANG_WARN_OBJC_LITERAL_CONVERSION = YES;
				CLANG_WARN_OBJC_ROOT_CLASS = YES_ERROR;
				CLANG_WARN_QUOTED_INCLUDE_IN_FRAMEWORK_HEADER = YES;
				CLANG_WARN_RANGE_LOOP_ANALYSIS = YES;
				CLANG_WARN_STRICT_PROTOTYPES = YES;
				CLANG_WARN_SUSPICIOUS_MOVE = YES;
				CLANG_WARN_UNGUARDED_AVAILABILITY = YES_AGGRESSIVE;
				CLANG_WARN_UNREACHABLE_CODE = YES;
				CLANG_WARN__DUPLICATE_METHOD_MATCH = YES;
				COPY_PHASE_STRIP = NO;
				DEBUG_INFORMATION_FORMAT = dwarf;
				ENABLE_STRICT_OBJC_MSGSEND = YES;
				ENABLE_TESTABILITY = YES;
				GCC_C_LANGUAGE_STANDARD = gnu11;
				GCC_DYNAMIC_NO_PIC = NO;
				GCC_NO_COMMON_BLOCKS = YES;
				GCC_OPTIMIZATION_LEVEL = 0;
				GCC_PREPROCESSOR_DEFINITIONS = (
					"DEBUG=1",
					"$(inherited)",
				);
				GCC_WARN_64_TO_32_BIT_CONVERSION = YES;
				GCC_WARN_ABOUT_RETURN_TYPE = YES_ERROR;
				GCC_WARN_UNDECLARED_SELECTOR = YES;
				GCC_WARN_UNINITIALIZED_AUTOS = YES_AGGRESSIVE;
				GCC_WARN_UNUSED_FUNCTION = YES;
				GCC_WARN_UNUSED_VARIABLE = YES;
				IPHONEOS_DEPLOYMENT_TARGET = 16.0;
				MTL_ENABLE_DEBUG_INFO = INCLUDE_SOURCE;
				MTL_FAST_MATH = YES;
				ONLY_ACTIVE_ARCH = YES;
				SDKROOT = iphoneos;
				SWIFT_ACTIVE_COMPILATION_CONDITIONS = DEBUG;
				SWIFT_OPTIMIZATION_LEVEL = "-Onone";
			};
			name = Debug;
		};
		5445F10A2912ABA30032FDCA /* Release */ = {
			isa = XCBuildConfiguration;
			buildSettings = {
				ALWAYS_SEARCH_USER_PATHS = NO;
				CLANG_ANALYZER_NONNULL = YES;
				CLANG_ANALYZER_NUMBER_OBJECT_CONVERSION = YES_AGGRESSIVE;
				CLANG_CXX_LANGUAGE_STANDARD = "gnu++20";
				CLANG_ENABLE_MODULES = YES;
				CLANG_ENABLE_OBJC_ARC = YES;
				CLANG_ENABLE_OBJC_WEAK = YES;
				CLANG_WARN_BLOCK_CAPTURE_AUTORELEASING = YES;
				CLANG_WARN_BOOL_CONVERSION = YES;
				CLANG_WARN_COMMA = YES;
				CLANG_WARN_CONSTANT_CONVERSION = YES;
				CLANG_WARN_DEPRECATED_OBJC_IMPLEMENTATIONS = YES;
				CLANG_WARN_DIRECT_OBJC_ISA_USAGE = YES_ERROR;
				CLANG_WARN_DOCUMENTATION_COMMENTS = YES;
				CLANG_WARN_EMPTY_BODY = YES;
				CLANG_WARN_ENUM_CONVERSION = YES;
				CLANG_WARN_INFINITE_RECURSION = YES;
				CLANG_WARN_INT_CONVERSION = YES;
				CLANG_WARN_NON_LITERAL_NULL_CONVERSION = YES;
				CLANG_WARN_OBJC_IMPLICIT_RETAIN_SELF = YES;
				CLANG_WARN_OBJC_LITERAL_CONVERSION = YES;
				CLANG_WARN_OBJC_ROOT_CLASS = YES_ERROR;
				CLANG_WARN_QUOTED_INCLUDE_IN_FRAMEWORK_HEADER = YES;
				CLANG_WARN_RANGE_LOOP_ANALYSIS = YES;
				CLANG_WARN_STRICT_PROTOTYPES = YES;
				CLANG_WARN_SUSPICIOUS_MOVE = YES;
				CLANG_WARN_UNGUARDED_AVAILABILITY = YES_AGGRESSIVE;
				CLANG_WARN_UNREACHABLE_CODE = YES;
				CLANG_WARN__DUPLICATE_METHOD_MATCH = YES;
				COPY_PHASE_STRIP = NO;
				DEBUG_INFORMATION_FORMAT = "dwarf-with-dsym";
				ENABLE_NS_ASSERTIONS = NO;
				ENABLE_STRICT_OBJC_MSGSEND = YES;
				GCC_C_LANGUAGE_STANDARD = gnu11;
				GCC_NO_COMMON_BLOCKS = YES;
				GCC_WARN_64_TO_32_BIT_CONVERSION = YES;
				GCC_WARN_ABOUT_RETURN_TYPE = YES_ERROR;
				GCC_WARN_UNDECLARED_SELECTOR = YES;
				GCC_WARN_UNINITIALIZED_AUTOS = YES_AGGRESSIVE;
				GCC_WARN_UNUSED_FUNCTION = YES;
				GCC_WARN_UNUSED_VARIABLE = YES;
				IPHONEOS_DEPLOYMENT_TARGET = 16.0;
				MTL_ENABLE_DEBUG_INFO = NO;
				MTL_FAST_MATH = YES;
				SDKROOT = iphoneos;
				SWIFT_COMPILATION_MODE = wholemodule;
				SWIFT_OPTIMIZATION_LEVEL = "-O";
				VALIDATE_PRODUCT = YES;
			};
			name = Release;
		};
		5445F10C2912ABA30032FDCA /* Debug */ = {
			isa = XCBuildConfiguration;
			buildSettings = {
				ASSETCATALOG_COMPILER_APPICON_NAME = AppIcon;
				ASSETCATALOG_COMPILER_GLOBAL_ACCENT_COLOR_NAME = AccentColor;
				CODE_SIGN_STYLE = Automatic;
				CURRENT_PROJECT_VERSION = 1;
				DEVELOPMENT_ASSET_PATHS = "\"CookAndTaste/Preview Content\"";
				ENABLE_PREVIEWS = YES;
				GENERATE_INFOPLIST_FILE = YES;
				INFOPLIST_KEY_UIApplicationSceneManifest_Generation = YES;
				INFOPLIST_KEY_UIApplicationSupportsIndirectInputEvents = YES;
				INFOPLIST_KEY_UILaunchScreen_Generation = YES;
				INFOPLIST_KEY_UISupportedInterfaceOrientations_iPad = "UIInterfaceOrientationPortrait UIInterfaceOrientationPortraitUpsideDown UIInterfaceOrientationLandscapeLeft UIInterfaceOrientationLandscapeRight";
				INFOPLIST_KEY_UISupportedInterfaceOrientations_iPhone = "UIInterfaceOrientationPortrait UIInterfaceOrientationLandscapeLeft UIInterfaceOrientationLandscapeRight";
				LD_RUNPATH_SEARCH_PATHS = (
					"$(inherited)",
					"@executable_path/Frameworks",
				);
				MARKETING_VERSION = 1.0;
				PRODUCT_BUNDLE_IDENTIFIER = ua.edu.ukma.CookAndTaste;
				PRODUCT_NAME = "$(TARGET_NAME)";
				SWIFT_EMIT_LOC_STRINGS = YES;
				SWIFT_VERSION = 5.0;
				TARGETED_DEVICE_FAMILY = "1,2";
			};
			name = Debug;
		};
		5445F10D2912ABA30032FDCA /* Release */ = {
			isa = XCBuildConfiguration;
			buildSettings = {
				ASSETCATALOG_COMPILER_APPICON_NAME = AppIcon;
				ASSETCATALOG_COMPILER_GLOBAL_ACCENT_COLOR_NAME = AccentColor;
				CODE_SIGN_STYLE = Automatic;
				CURRENT_PROJECT_VERSION = 1;
				DEVELOPMENT_ASSET_PATHS = "\"CookAndTaste/Preview Content\"";
				ENABLE_PREVIEWS = YES;
				GENERATE_INFOPLIST_FILE = YES;
				INFOPLIST_KEY_UIApplicationSceneManifest_Generation = YES;
				INFOPLIST_KEY_UIApplicationSupportsIndirectInputEvents = YES;
				INFOPLIST_KEY_UILaunchScreen_Generation = YES;
				INFOPLIST_KEY_UISupportedInterfaceOrientations_iPad = "UIInterfaceOrientationPortrait UIInterfaceOrientationPortraitUpsideDown UIInterfaceOrientationLandscapeLeft UIInterfaceOrientationLandscapeRight";
				INFOPLIST_KEY_UISupportedInterfaceOrientations_iPhone = "UIInterfaceOrientationPortrait UIInterfaceOrientationLandscapeLeft UIInterfaceOrientationLandscapeRight";
				LD_RUNPATH_SEARCH_PATHS = (
					"$(inherited)",
					"@executable_path/Frameworks",
				);
				MARKETING_VERSION = 1.0;
				PRODUCT_BUNDLE_IDENTIFIER = ua.edu.ukma.CookAndTaste;
				PRODUCT_NAME = "$(TARGET_NAME)";
				SWIFT_EMIT_LOC_STRINGS = YES;
				SWIFT_VERSION = 5.0;
				TARGETED_DEVICE_FAMILY = "1,2";
			};
			name = Release;
		};
		5445F10F2912ABA30032FDCA /* Debug */ = {
			isa = XCBuildConfiguration;
			buildSettings = {
				ALWAYS_EMBED_SWIFT_STANDARD_LIBRARIES = YES;
				BUNDLE_LOADER = "$(TEST_HOST)";
				CODE_SIGN_STYLE = Automatic;
				CURRENT_PROJECT_VERSION = 1;
				GENERATE_INFOPLIST_FILE = YES;
				IPHONEOS_DEPLOYMENT_TARGET = 16.0;
				MARKETING_VERSION = 1.0;
				PRODUCT_BUNDLE_IDENTIFIER = ua.edu.ukma.CookAndTasteTests;
				PRODUCT_NAME = "$(TARGET_NAME)";
				SWIFT_EMIT_LOC_STRINGS = NO;
				SWIFT_VERSION = 5.0;
				TARGETED_DEVICE_FAMILY = "1,2";
				TEST_HOST = "$(BUILT_PRODUCTS_DIR)/CookAndTaste.app/$(BUNDLE_EXECUTABLE_FOLDER_PATH)/CookAndTaste";
			};
			name = Debug;
		};
		5445F1102912ABA30032FDCA /* Release */ = {
			isa = XCBuildConfiguration;
			buildSettings = {
				ALWAYS_EMBED_SWIFT_STANDARD_LIBRARIES = YES;
				BUNDLE_LOADER = "$(TEST_HOST)";
				CODE_SIGN_STYLE = Automatic;
				CURRENT_PROJECT_VERSION = 1;
				GENERATE_INFOPLIST_FILE = YES;
				IPHONEOS_DEPLOYMENT_TARGET = 16.0;
				MARKETING_VERSION = 1.0;
				PRODUCT_BUNDLE_IDENTIFIER = ua.edu.ukma.CookAndTasteTests;
				PRODUCT_NAME = "$(TARGET_NAME)";
				SWIFT_EMIT_LOC_STRINGS = NO;
				SWIFT_VERSION = 5.0;
				TARGETED_DEVICE_FAMILY = "1,2";
				TEST_HOST = "$(BUILT_PRODUCTS_DIR)/CookAndTaste.app/$(BUNDLE_EXECUTABLE_FOLDER_PATH)/CookAndTaste";
			};
			name = Release;
		};
		5445F1122912ABA30032FDCA /* Debug */ = {
			isa = XCBuildConfiguration;
			buildSettings = {
				ALWAYS_EMBED_SWIFT_STANDARD_LIBRARIES = YES;
				CODE_SIGN_STYLE = Automatic;
				CURRENT_PROJECT_VERSION = 1;
				GENERATE_INFOPLIST_FILE = YES;
				MARKETING_VERSION = 1.0;
				PRODUCT_BUNDLE_IDENTIFIER = ua.edu.ukma.CookAndTasteUITests;
				PRODUCT_NAME = "$(TARGET_NAME)";
				SWIFT_EMIT_LOC_STRINGS = NO;
				SWIFT_VERSION = 5.0;
				TARGETED_DEVICE_FAMILY = "1,2";
				TEST_TARGET_NAME = CookAndTaste;
			};
			name = Debug;
		};
		5445F1132912ABA30032FDCA /* Release */ = {
			isa = XCBuildConfiguration;
			buildSettings = {
				ALWAYS_EMBED_SWIFT_STANDARD_LIBRARIES = YES;
				CODE_SIGN_STYLE = Automatic;
				CURRENT_PROJECT_VERSION = 1;
				GENERATE_INFOPLIST_FILE = YES;
				MARKETING_VERSION = 1.0;
				PRODUCT_BUNDLE_IDENTIFIER = ua.edu.ukma.CookAndTasteUITests;
				PRODUCT_NAME = "$(TARGET_NAME)";
				SWIFT_EMIT_LOC_STRINGS = NO;
				SWIFT_VERSION = 5.0;
				TARGETED_DEVICE_FAMILY = "1,2";
				TEST_TARGET_NAME = CookAndTaste;
			};
			name = Release;
		};
/* End XCBuildConfiguration section */

/* Begin XCConfigurationList section */
		5445F0E22912ABA20032FDCA /* Build configuration list for PBXProject "CookAndTaste" */ = {
			isa = XCConfigurationList;
			buildConfigurations = (
				5445F1092912ABA30032FDCA /* Debug */,
				5445F10A2912ABA30032FDCA /* Release */,
			);
			defaultConfigurationIsVisible = 0;
			defaultConfigurationName = Release;
		};
		5445F10B2912ABA30032FDCA /* Build configuration list for PBXNativeTarget "CookAndTaste" */ = {
			isa = XCConfigurationList;
			buildConfigurations = (
				5445F10C2912ABA30032FDCA /* Debug */,
				5445F10D2912ABA30032FDCA /* Release */,
			);
			defaultConfigurationIsVisible = 0;
			defaultConfigurationName = Release;
		};
		5445F10E2912ABA30032FDCA /* Build configuration list for PBXNativeTarget "CookAndTasteTests" */ = {
			isa = XCConfigurationList;
			buildConfigurations = (
				5445F10F2912ABA30032FDCA /* Debug */,
				5445F1102912ABA30032FDCA /* Release */,
			);
			defaultConfigurationIsVisible = 0;
			defaultConfigurationName = Release;
		};
		5445F1112912ABA30032FDCA /* Build configuration list for PBXNativeTarget "CookAndTasteUITests" */ = {
			isa = XCConfigurationList;
			buildConfigurations = (
				5445F1122912ABA30032FDCA /* Debug */,
				5445F1132912ABA30032FDCA /* Release */,
			);
			defaultConfigurationIsVisible = 0;
			defaultConfigurationName = Release;
		};
/* End XCConfigurationList section */
	};
	rootObject = 5445F0DF2912ABA20032FDCA /* Project object */;
}
